<?xml version="1.0" encoding="utf-8"?>
<Project ToolsVersion="4.0" xmlns="http://schemas.microsoft.com/developer/msbuild/2003">
  <ItemGroup>
    <Filter Include="Source Files">
      <UniqueIdentifier>{4FC737F1-C7A5-4376-A066-2A32D752A2FF}</UniqueIdentifier>
      <Extensions>cpp;c;cc;cxx;def;odl;idl;hpj;bat;asm;asmx</Extensions>
    </Filter>
    <Filter Include="Header Files">
      <UniqueIdentifier>{93995380-89BD-4b04-88EB-625FBE52EBFB}</UniqueIdentifier>
      <Extensions>h;hh;hpp;hxx;hm;inl;inc;xsd</Extensions>
    </Filter>
    <Filter Include="Resource Files">
      <UniqueIdentifier>{67DA6AB6-F800-4c08-8B7A-83BB121AAD01}</UniqueIdentifier>
      <Extensions>rc;ico;cur;bmp;dlg;rc2;rct;bin;rgs;gif;jpg;jpeg;jpe;resx;tiff;tif;png;wav;mfcribbon-ms</Extensions>
    </Filter>
    <Filter Include="Decorator">
      <UniqueIdentifier>{f2f27591-374c-4fe6-81aa-21d3aa25c4a2}</UniqueIdentifier>
    </Filter>
    <Filter Include="Observer">
      <UniqueIdentifier>{0dd1d49b-3006-4a12-87b1-0426b0f63dd8}</UniqueIdentifier>
    </Filter>
    <Filter Include="Factory">
      <UniqueIdentifier>{64f75923-01a9-422e-9898-e3c16b290fc6}</UniqueIdentifier>
    </Filter>
  </ItemGroup>
  <ItemGroup>
    <ClCompile Include="main.cpp">
      <Filter>Source Files</Filter>
    </ClCompile>
    <ClCompile Include="DEC_Condiment.cpp">
      <Filter>Decorator</Filter>
    </ClCompile>
    <ClCompile Include="DEC_Pizza.cpp">
      <Filter>Decorator</Filter>
    </ClCompile>
    <ClCompile Include="OBS_WeatherObject.cpp">
      <Filter>Observer</Filter>
    </ClCompile>
    <ClCompile Include="OBS_BasicDisplay.cpp">
      <Filter>Source Files</Filter>
    </ClCompile>
    <ClCompile Include="FACT_CardGame.cpp">
      <Filter>Source Files</Filter>
    </ClCompile>
  </ItemGroup>
  <ItemGroup>
    <ClInclude Include="Trace.h">
      <Filter>Resource Files</Filter>
    </ClInclude>
    <ClInclude Include="DEC_Condiment.h">
      <Filter>Decorator</Filter>
    </ClInclude>
    <ClInclude Include="DEC_Pizza.h">
      <Filter>Decorator</Filter>
    </ClInclude>
    <ClInclude Include="OBS_WeatherObject.h">
      <Filter>Observer</Filter>
    </ClInclude>
    <ClInclude Include="OBS_BasicDisplay.h">
      <Filter>Header Files</Filter>
    </ClInclude>
    <ClInclude Include="FACT_CardGame.h">
      <Filter>Header Files</Filter>
    </ClInclude>
  </ItemGroup>
</Project>